
Microsoft Visual Studio Solution File, Format Version 12.00
# Visual Studio Version 17
VisualStudioVersion = 17.7.34221.43
MinimumVisualStudioVersion = 10.0.40219.1
Project("{FAE04EC0-301F-11D3-BF4B-00C04F79EFBC}") = "AmigoSecretoWinForms", "AmigoSecretoWinForms.csproj", "{BFEFE3C7-6040-4151-8555-5E8A9217AFC8}"
EndProject
Global
	GlobalSection(SolutionConfigurationPlatforms) = preSolution
		Debug|Any CPU = Debug|Any CPU
		Release|Any CPU = Release|Any CPU
	EndGlobalSection
	GlobalSection(ProjectConfigurationPlatforms) = postSolution
		{BFEFE3C7-6040-4151-8555-5E8A9217AFC8}.Debug|Any CPU.ActiveCfg = Debug|Any CPU
		{BFEFE3C7-6040-4151-8555-5E8A9217AFC8}.Debug|Any CPU.Build.0 = Debug|Any CPU
		{BFEFE3C7-6040-4151-8555-5E8A9217AFC8}.Release|Any CPU.ActiveCfg = Release|Any CPU
		{BFEFE3C7-6040-4151-8555-5E8A9217AFC8}.Release|Any CPU.Build.0 = Release|Any CPU
	EndGlobalSection
	GlobalSection(SolutionProperties) = preSolution
		HideSolutionNode = FALSE
	EndGlobalSection
	GlobalSection(ExtensibilityGlobals) = postSolution
		SolutionGuid = {E07A4916-D512-48E0-AF80-A0211E3EF076}
	EndGlobalSection
EndGlobal
